
Microsoft Visual Studio Solution File, Format Version 12.00
# Visual Studio 15
VisualStudioVersion = 15.0.27130.2036
MinimumVisualStudioVersion = 10.0.40219.1
Project("{FAE04EC0-301F-11D3-BF4B-00C04F79EFBC}") = "Capitulo01.Variaveis", "Capitulo01.Variaveis\Capitulo01.Variaveis.csproj", "{2339043D-4021-42CD-8DBA-7E7F24785A5B}"
EndProject
Project("{FAE04EC0-301F-11D3-BF4B-00C04F79EFBC}") = "Capitulo01.Troco", "Captitulo01.Troco\Capitulo01.Troco.csproj", "{07FFC705-D033-4BF1-97E5-F9156C8701AA}"
EndProject
Project("{FAE04EC0-301F-11D3-BF4B-00C04F79EFBC}") = "Capitulo02.Fretes", "Capitulo02.Frete\Capitulo02.Fretes.csproj", "{94045771-E277-4610-AE96-90D0D17B67D1}"
EndProject
Project("{FAE04EC0-301F-11D3-BF4B-00C04F79EFBC}") = "Capitulo02.Tabuada", "Capitulo02.Tabuada\Capitulo02.Tabuada.csproj", "{62B7F8F6-99BE-43EE-86B9-1934560D848D}"
EndProject
Project("{FAE04EC0-301F-11D3-BF4B-00C04F79EFBC}") = "Capitulo02.Repeticao.Testes", "Capitulo02.Repeticao.Testes\Capitulo02.Repeticao.Testes.csproj", "{6A45909F-662F-4776-94FE-4083C2608783}"
EndProject
Project("{FAE04EC0-301F-11D3-BF4B-00C04F79EFBC}") = "Oficina.Dominio", "Oficina.Dominio\Oficina.Dominio.csproj", "{A97BFDAE-FB7C-4265-884A-FD3E089AE204}"
EndProject
Project("{FAE04EC0-301F-11D3-BF4B-00C04F79EFBC}") = "Oficina.Repositorio.SistemaArquivos", "Oficina.Repositorio.SistemaArquivos\Oficina.Repositorio.SistemaArquivos.csproj", "{1AF757AF-D6EF-4C23-AD8B-656EA96E3964}"
EndProject
Project("{FAE04EC0-301F-11D3-BF4B-00C04F79EFBC}") = "Oficina.Repositorio.Tests", "Oficina.Repositorio.Tests\Oficina.Repositorio.Tests.csproj", "{05551D82-83DB-45A6-9F4F-237A2FC563A6}"
EndProject
Project("{2150E333-8FDC-42A3-9474-1A3956D46DE8}") = "Oficina", "Oficina", "{9C112E2B-8DA3-4C57-A8F3-4C77514E7861}"
EndProject
Project("{FAE04EC0-301F-11D3-BF4B-00C04F79EFBC}") = "Capitulo06.Http.Testes", "Capitulo06.Http.Testes\Capitulo06.Http.Testes.csproj", "{1DF9CA51-6C96-4CDC-B6B7-2095E4062EAD}"
EndProject
Project("{FAE04EC0-301F-11D3-BF4B-00C04F79EFBC}") = "Oficina.AspNet", "Oficina.AspNet\Oficina.AspNet.csproj", "{68969875-9837-4715-96E2-DF13487D4CA6}"
EndProject
Project("{FAE04EC0-301F-11D3-BF4B-00C04F79EFBC}") = "Caputulo04.Colecoes.Testes", "Caputulo04.Colecoes.Testes\Caputulo04.Colecoes.Testes.csproj", "{CFA33B52-2E48-469F-880A-2A98CB443544}"
EndProject
Project("{2150E333-8FDC-42A3-9474-1A3956D46DE8}") = "Pessoal", "Pessoal", "{0684F386-608E-4E17-84DE-058759428765}"
EndProject
Project("{FAE04EC0-301F-11D3-BF4B-00C04F79EFBC}") = "Pessoal.Dominio", "Pessoal.Dominio\Pessoal.Dominio.csproj", "{BC2C24D4-E8FB-4FF6-9660-3230FEB284F7}"
EndProject
Project("{FAE04EC0-301F-11D3-BF4B-00C04F79EFBC}") = "Pessoal.Repositorios.SqlServer", "Pessoal.Repositorios.SqlServer\Pessoal.Repositorios.SqlServer.csproj", "{F2BF43A9-6757-40E0-B9BD-37AE4425D57A}"
EndProject
Project("{FAE04EC0-301F-11D3-BF4B-00C04F79EFBC}") = "Pessoal.Repositorios.SqlServerTests", "Pessoal.Repositorios.SqlServerTests\Pessoal.Repositorios.SqlServerTests.csproj", "{BF5F59F6-AAB9-4DCA-9394-127F4FB6FBB6}"
EndProject
Project("{00D1A9C2-B5F0-4AF3-8072-F6C62B433612}") = "Pessoal.DataBase", "Pessoal.DataBase\Pessoal.DataBase.sqlproj", "{AFD2A129-B045-4C32-8E96-E33D81D3FA3F}"
EndProject
Project("{E24C65DC-7377-472B-9ABA-BC803B73C61A}") = "Pessoal.WebForms", "Pessoal.WebForms\", "{5B6A9F85-A993-474A-819C-FAE9A9811852}"
	ProjectSection(WebsiteProperties) = preProject
		TargetFrameworkMoniker = ".NETFramework,Version%3Dv4.7"
		ProjectReferences = "{bc2c24d4-e8fb-4ff6-9660-3230feb284f7}|Pessoal.Dominio.dll;{f2bf43a9-6757-40e0-b9bd-37ae4425d57a}|Pessoal.Repositorios.SqlServer.dll;"
		Debug.AspNetCompiler.VirtualPath = "/localhost_50053"
		Debug.AspNetCompiler.PhysicalPath = "Pessoal.WebForms\"
		Debug.AspNetCompiler.TargetPath = "PrecompiledWeb\localhost_50053\"
		Debug.AspNetCompiler.Updateable = "true"
		Debug.AspNetCompiler.ForceOverwrite = "true"
		Debug.AspNetCompiler.FixedNames = "false"
		Debug.AspNetCompiler.Debug = "True"
		Release.AspNetCompiler.VirtualPath = "/localhost_50053"
		Release.AspNetCompiler.PhysicalPath = "Pessoal.WebForms\"
		Release.AspNetCompiler.TargetPath = "PrecompiledWeb\localhost_50053\"
		Release.AspNetCompiler.Updateable = "true"
		Release.AspNetCompiler.ForceOverwrite = "true"
		Release.AspNetCompiler.FixedNames = "false"
		Release.AspNetCompiler.Debug = "False"
		VWDPort = "50053"
		SlnRelativePath = "Pessoal.WebForms\"
		DefaultWebSiteLanguage = "Visual C#"
	EndProjectSection
EndProject
Project("{2150E333-8FDC-42A3-9474-1A3956D46DE8}") = "Loja", "Loja", "{CB845240-4AC6-4437-BCD8-C660188DE674}"
EndProject
Project("{FAE04EC0-301F-11D3-BF4B-00C04F79EFBC}") = "Loja.Dominio", "Loja.Dominio\Loja.Dominio.csproj", "{71698DBE-4AA7-4494-9E8E-2E229C495CBF}"
EndProject
Project("{FAE04EC0-301F-11D3-BF4B-00C04F79EFBC}") = "Loja.Repositorio.SqlServer.EFCodeFirst", "Loja.Repositorio.SqlServer.EFCodeFirst\Loja.Repositorio.SqlServer.EFCodeFirst.csproj", "{68EF53D4-B767-4B4D-8030-D0C4F24BDDA3}"
EndProject
Project("{FAE04EC0-301F-11D3-BF4B-00C04F79EFBC}") = "Loja.Repositorio.SqlServer.EFCodeFirstTests", "Loja.Repositorio.SqlServer.EFCodeFirstTests\Loja.Repositorio.SqlServer.EFCodeFirstTests.csproj", "{415A5F5C-9AD8-4E80-9318-ADC8142AE690}"
EndProject
Global
	GlobalSection(SolutionConfigurationPlatforms) = preSolution
		Debug|Any CPU = Debug|Any CPU
		Release|Any CPU = Release|Any CPU
	EndGlobalSection
	GlobalSection(ProjectConfigurationPlatforms) = postSolution
		{2339043D-4021-42CD-8DBA-7E7F24785A5B}.Debug|Any CPU.ActiveCfg = Debug|Any CPU
		{2339043D-4021-42CD-8DBA-7E7F24785A5B}.Debug|Any CPU.Build.0 = Debug|Any CPU
		{2339043D-4021-42CD-8DBA-7E7F24785A5B}.Release|Any CPU.ActiveCfg = Release|Any CPU
		{2339043D-4021-42CD-8DBA-7E7F24785A5B}.Release|Any CPU.Build.0 = Release|Any CPU
		{07FFC705-D033-4BF1-97E5-F9156C8701AA}.Debug|Any CPU.ActiveCfg = Debug|Any CPU
		{07FFC705-D033-4BF1-97E5-F9156C8701AA}.Debug|Any CPU.Build.0 = Debug|Any CPU
		{07FFC705-D033-4BF1-97E5-F9156C8701AA}.Release|Any CPU.ActiveCfg = Release|Any CPU
		{07FFC705-D033-4BF1-97E5-F9156C8701AA}.Release|Any CPU.Build.0 = Release|Any CPU
		{94045771-E277-4610-AE96-90D0D17B67D1}.Debug|Any CPU.ActiveCfg = Debug|Any CPU
		{94045771-E277-4610-AE96-90D0D17B67D1}.Debug|Any CPU.Build.0 = Debug|Any CPU
		{94045771-E277-4610-AE96-90D0D17B67D1}.Release|Any CPU.ActiveCfg = Release|Any CPU
		{94045771-E277-4610-AE96-90D0D17B67D1}.Release|Any CPU.Build.0 = Release|Any CPU
		{62B7F8F6-99BE-43EE-86B9-1934560D848D}.Debug|Any CPU.ActiveCfg = Debug|Any CPU
		{62B7F8F6-99BE-43EE-86B9-1934560D848D}.Debug|Any CPU.Build.0 = Debug|Any CPU
		{62B7F8F6-99BE-43EE-86B9-1934560D848D}.Release|Any CPU.ActiveCfg = Release|Any CPU
		{62B7F8F6-99BE-43EE-86B9-1934560D848D}.Release|Any CPU.Build.0 = Release|Any CPU
		{6A45909F-662F-4776-94FE-4083C2608783}.Debug|Any CPU.ActiveCfg = Debug|Any CPU
		{6A45909F-662F-4776-94FE-4083C2608783}.Debug|Any CPU.Build.0 = Debug|Any CPU
		{6A45909F-662F-4776-94FE-4083C2608783}.Release|Any CPU.ActiveCfg = Release|Any CPU
		{6A45909F-662F-4776-94FE-4083C2608783}.Release|Any CPU.Build.0 = Release|Any CPU
		{A97BFDAE-FB7C-4265-884A-FD3E089AE204}.Debug|Any CPU.ActiveCfg = Debug|Any CPU
		{A97BFDAE-FB7C-4265-884A-FD3E089AE204}.Debug|Any CPU.Build.0 = Debug|Any CPU
		{A97BFDAE-FB7C-4265-884A-FD3E089AE204}.Release|Any CPU.ActiveCfg = Release|Any CPU
		{A97BFDAE-FB7C-4265-884A-FD3E089AE204}.Release|Any CPU.Build.0 = Release|Any CPU
		{1AF757AF-D6EF-4C23-AD8B-656EA96E3964}.Debug|Any CPU.ActiveCfg = Debug|Any CPU
		{1AF757AF-D6EF-4C23-AD8B-656EA96E3964}.Debug|Any CPU.Build.0 = Debug|Any CPU
		{1AF757AF-D6EF-4C23-AD8B-656EA96E3964}.Release|Any CPU.ActiveCfg = Release|Any CPU
		{1AF757AF-D6EF-4C23-AD8B-656EA96E3964}.Release|Any CPU.Build.0 = Release|Any CPU
		{05551D82-83DB-45A6-9F4F-237A2FC563A6}.Debug|Any CPU.ActiveCfg = Debug|Any CPU
		{05551D82-83DB-45A6-9F4F-237A2FC563A6}.Debug|Any CPU.Build.0 = Debug|Any CPU
		{05551D82-83DB-45A6-9F4F-237A2FC563A6}.Release|Any CPU.ActiveCfg = Release|Any CPU
		{05551D82-83DB-45A6-9F4F-237A2FC563A6}.Release|Any CPU.Build.0 = Release|Any CPU
		{1DF9CA51-6C96-4CDC-B6B7-2095E4062EAD}.Debug|Any CPU.ActiveCfg = Debug|Any CPU
		{1DF9CA51-6C96-4CDC-B6B7-2095E4062EAD}.Debug|Any CPU.Build.0 = Debug|Any CPU
		{1DF9CA51-6C96-4CDC-B6B7-2095E4062EAD}.Release|Any CPU.ActiveCfg = Release|Any CPU
		{1DF9CA51-6C96-4CDC-B6B7-2095E4062EAD}.Release|Any CPU.Build.0 = Release|Any CPU
		{68969875-9837-4715-96E2-DF13487D4CA6}.Debug|Any CPU.ActiveCfg = Debug|Any CPU
		{68969875-9837-4715-96E2-DF13487D4CA6}.Debug|Any CPU.Build.0 = Debug|Any CPU
		{68969875-9837-4715-96E2-DF13487D4CA6}.Release|Any CPU.ActiveCfg = Release|Any CPU
		{68969875-9837-4715-96E2-DF13487D4CA6}.Release|Any CPU.Build.0 = Release|Any CPU
		{CFA33B52-2E48-469F-880A-2A98CB443544}.Debug|Any CPU.ActiveCfg = Debug|Any CPU
		{CFA33B52-2E48-469F-880A-2A98CB443544}.Debug|Any CPU.Build.0 = Debug|Any CPU
		{CFA33B52-2E48-469F-880A-2A98CB443544}.Release|Any CPU.ActiveCfg = Release|Any CPU
		{CFA33B52-2E48-469F-880A-2A98CB443544}.Release|Any CPU.Build.0 = Release|Any CPU
		{BC2C24D4-E8FB-4FF6-9660-3230FEB284F7}.Debug|Any CPU.ActiveCfg = Debug|Any CPU
		{BC2C24D4-E8FB-4FF6-9660-3230FEB284F7}.Debug|Any CPU.Build.0 = Debug|Any CPU
		{BC2C24D4-E8FB-4FF6-9660-3230FEB284F7}.Release|Any CPU.ActiveCfg = Release|Any CPU
		{BC2C24D4-E8FB-4FF6-9660-3230FEB284F7}.Release|Any CPU.Build.0 = Release|Any CPU
		{F2BF43A9-6757-40E0-B9BD-37AE4425D57A}.Debug|Any CPU.ActiveCfg = Debug|Any CPU
		{F2BF43A9-6757-40E0-B9BD-37AE4425D57A}.Debug|Any CPU.Build.0 = Debug|Any CPU
		{F2BF43A9-6757-40E0-B9BD-37AE4425D57A}.Release|Any CPU.ActiveCfg = Release|Any CPU
		{F2BF43A9-6757-40E0-B9BD-37AE4425D57A}.Release|Any CPU.Build.0 = Release|Any CPU
		{BF5F59F6-AAB9-4DCA-9394-127F4FB6FBB6}.Debug|Any CPU.ActiveCfg = Debug|Any CPU
		{BF5F59F6-AAB9-4DCA-9394-127F4FB6FBB6}.Debug|Any CPU.Build.0 = Debug|Any CPU
		{BF5F59F6-AAB9-4DCA-9394-127F4FB6FBB6}.Release|Any CPU.ActiveCfg = Release|Any CPU
		{BF5F59F6-AAB9-4DCA-9394-127F4FB6FBB6}.Release|Any CPU.Build.0 = Release|Any CPU
		{AFD2A129-B045-4C32-8E96-E33D81D3FA3F}.Debug|Any CPU.ActiveCfg = Debug|Any CPU
		{AFD2A129-B045-4C32-8E96-E33D81D3FA3F}.Debug|Any CPU.Build.0 = Debug|Any CPU
		{AFD2A129-B045-4C32-8E96-E33D81D3FA3F}.Debug|Any CPU.Deploy.0 = Debug|Any CPU
		{AFD2A129-B045-4C32-8E96-E33D81D3FA3F}.Release|Any CPU.ActiveCfg = Release|Any CPU
		{AFD2A129-B045-4C32-8E96-E33D81D3FA3F}.Release|Any CPU.Build.0 = Release|Any CPU
		{AFD2A129-B045-4C32-8E96-E33D81D3FA3F}.Release|Any CPU.Deploy.0 = Release|Any CPU
		{5B6A9F85-A993-474A-819C-FAE9A9811852}.Debug|Any CPU.ActiveCfg = Debug|Any CPU
		{5B6A9F85-A993-474A-819C-FAE9A9811852}.Debug|Any CPU.Build.0 = Debug|Any CPU
		{5B6A9F85-A993-474A-819C-FAE9A9811852}.Release|Any CPU.ActiveCfg = Debug|Any CPU
		{5B6A9F85-A993-474A-819C-FAE9A9811852}.Release|Any CPU.Build.0 = Debug|Any CPU
		{71698DBE-4AA7-4494-9E8E-2E229C495CBF}.Debug|Any CPU.ActiveCfg = Debug|Any CPU
		{71698DBE-4AA7-4494-9E8E-2E229C495CBF}.Debug|Any CPU.Build.0 = Debug|Any CPU
		{71698DBE-4AA7-4494-9E8E-2E229C495CBF}.Release|Any CPU.ActiveCfg = Release|Any CPU
		{71698DBE-4AA7-4494-9E8E-2E229C495CBF}.Release|Any CPU.Build.0 = Release|Any CPU
		{68EF53D4-B767-4B4D-8030-D0C4F24BDDA3}.Debug|Any CPU.ActiveCfg = Debug|Any CPU
		{68EF53D4-B767-4B4D-8030-D0C4F24BDDA3}.Debug|Any CPU.Build.0 = Debug|Any CPU
		{68EF53D4-B767-4B4D-8030-D0C4F24BDDA3}.Release|Any CPU.ActiveCfg = Release|Any CPU
		{68EF53D4-B767-4B4D-8030-D0C4F24BDDA3}.Release|Any CPU.Build.0 = Release|Any CPU
		{415A5F5C-9AD8-4E80-9318-ADC8142AE690}.Debug|Any CPU.ActiveCfg = Debug|Any CPU
		{415A5F5C-9AD8-4E80-9318-ADC8142AE690}.Debug|Any CPU.Build.0 = Debug|Any CPU
		{415A5F5C-9AD8-4E80-9318-ADC8142AE690}.Release|Any CPU.ActiveCfg = Release|Any CPU
		{415A5F5C-9AD8-4E80-9318-ADC8142AE690}.Release|Any CPU.Build.0 = Release|Any CPU
	EndGlobalSection
	GlobalSection(SolutionProperties) = preSolution
		HideSolutionNode = FALSE
	EndGlobalSection
	GlobalSection(NestedProjects) = preSolution
		{A97BFDAE-FB7C-4265-884A-FD3E089AE204} = {9C112E2B-8DA3-4C57-A8F3-4C77514E7861}
		{1AF757AF-D6EF-4C23-AD8B-656EA96E3964} = {9C112E2B-8DA3-4C57-A8F3-4C77514E7861}
		{05551D82-83DB-45A6-9F4F-237A2FC563A6} = {9C112E2B-8DA3-4C57-A8F3-4C77514E7861}
		{68969875-9837-4715-96E2-DF13487D4CA6} = {9C112E2B-8DA3-4C57-A8F3-4C77514E7861}
		{BC2C24D4-E8FB-4FF6-9660-3230FEB284F7} = {0684F386-608E-4E17-84DE-058759428765}
		{F2BF43A9-6757-40E0-B9BD-37AE4425D57A} = {0684F386-608E-4E17-84DE-058759428765}
		{BF5F59F6-AAB9-4DCA-9394-127F4FB6FBB6} = {0684F386-608E-4E17-84DE-058759428765}
		{AFD2A129-B045-4C32-8E96-E33D81D3FA3F} = {0684F386-608E-4E17-84DE-058759428765}
		{5B6A9F85-A993-474A-819C-FAE9A9811852} = {0684F386-608E-4E17-84DE-058759428765}
		{71698DBE-4AA7-4494-9E8E-2E229C495CBF} = {CB845240-4AC6-4437-BCD8-C660188DE674}
		{68EF53D4-B767-4B4D-8030-D0C4F24BDDA3} = {CB845240-4AC6-4437-BCD8-C660188DE674}
		{415A5F5C-9AD8-4E80-9318-ADC8142AE690} = {CB845240-4AC6-4437-BCD8-C660188DE674}
	EndGlobalSection
	GlobalSection(ExtensibilityGlobals) = postSolution
		SolutionGuid = {03FE0FA6-EDC6-454E-B617-AFB97E9B1B3E}
	EndGlobalSection
EndGlobal
